<?xml version="1.0" encoding="utf-8"?>
<Project ToolsVersion="4.0" xmlns="http://schemas.microsoft.com/developer/msbuild/2003">
  <ItemGroup>
    <Filter Include="Source Files">
      <UniqueIdentifier>{4FC737F1-C7A5-4376-A066-2A32D752A2FF}</UniqueIdentifier>
      <Extensions>cpp;c;cc;cxx;c++;cppm;ixx;def;odl;idl;hpj;bat;asm;asmx</Extensions>
    </Filter>
    <Filter Include="Header Files">
      <UniqueIdentifier>{93995380-89BD-4b04-88EB-625FBE52EBFB}</UniqueIdentifier>
      <Extensions>h;hh;hpp;hxx;h++;hm;inl;inc;ipp;xsd</Extensions>
    </Filter>
    <Filter Include="Resource Files">
      <UniqueIdentifier>{67DA6AB6-F800-4c08-8B7A-83BB121AAD01}</UniqueIdentifier>
      <Extensions>rc;ico;cur;bmp;dlg;rc2;rct;bin;rgs;gif;jpg;jpeg;jpe;resx;tiff;tif;png;wav;mfcribbon-ms</Extensions>
    </Filter>
    <Filter Include="Header Files\include">
      <UniqueIdentifier>{15f44aff-6403-4a81-a1d0-b4f24ee7cafc}</UniqueIdentifier>
    </Filter>
    <Filter Include="Header Files\classes">
      <UniqueIdentifier>{b8bc8179-d4a0-4060-b742-8c3469a92fb9}</UniqueIdentifier>
    </Filter>
    <Filter Include="Header Files\utils">
      <UniqueIdentifier>{f74cb399-be1a-429a-8b7e-80ee7d7cbeb0}</UniqueIdentifier>
    </Filter>
    <Filter Include="Header Files\lib">
      <UniqueIdentifier>{37428f59-51a6-4f8d-a9c4-b7b532f93b9e}</UniqueIdentifier>
    </Filter>
  </ItemGroup>
  <ItemGroup>
    <ClInclude Include="..\include\include.h">
      <Filter>Header Files\include</Filter>
    </ClInclude>
    <ClInclude Include="..\utils\utils.h">
      <Filter>Header Files\utils</Filter>
    </ClInclude>
    <ClInclude Include="..\utils\scene_setup.h">
      <Filter>Header Files\utils</Filter>
    </ClInclude>
    <ClInclude Include="..\classes\image.h">
      <Filter>Header Files\classes</Filter>
    </ClInclude>
    <ClInclude Include="..\classes\geometry.h">
      <Filter>Header Files\classes</Filter>
    </ClInclude>
    <ClInclude Include="..\classes\camera.h">
      <Filter>Header Files\classes</Filter>
    </ClInclude>
    <ClInclude Include="..\classes\light.h">
      <Filter>Header Files\classes</Filter>
    </ClInclude>
    <ClInclude Include="..\classes\ray.h">
      <Filter>Header Files\classes</Filter>
    </ClInclude>
    <ClInclude Include="..\classes\scene.h">
      <Filter>Header Files\classes</Filter>
    </ClInclude>
    <ClInclude Include="..\classes\sphere.h">
      <Filter>Header Files\classes</Filter>
    </ClInclude>
    <ClInclude Include="..\classes\vector.h">
      <Filter>Header Files\classes</Filter>
    </ClInclude>
    <ClInclude Include="..\lib\stb_image_write.h">
      <Filter>Header Files\lib</Filter>
    </ClInclude>
  </ItemGroup>
  <ItemGroup>
    <ClCompile Include="..\main.cpp">
      <Filter>Source Files</Filter>
    </ClCompile>
  </ItemGroup>
</Project>